
Microsoft Visual Studio Solution File, Format Version 12.00
# Visual Studio 15
VisualStudioVersion = 15.0.28307.168
MinimumVisualStudioVersion = 10.0.40219.1
Project("{FAE04EC0-301F-11D3-BF4B-00C04F79EFBC}") = "Compiler", "Compiler\Compiler.csproj", "{4B351379-7071-4F60-8761-CA0CE013EBFD}"
EndProject
Project("{FAE04EC0-301F-11D3-BF4B-00C04F79EFBC}") = "ZAntlr", "Antlr\ZAntlr.csproj", "{0BBF057B-334F-4209-B055-3B9A3339F7CB}"
EndProject
Global
	GlobalSection(SolutionConfigurationPlatforms) = preSolution
		Debug|Any CPU = Debug|Any CPU
		Release|Any CPU = Release|Any CPU
	EndGlobalSection
	GlobalSection(ProjectConfigurationPlatforms) = postSolution
		{4B351379-7071-4F60-8761-CA0CE013EBFD}.Debug|Any CPU.ActiveCfg = Debug|Any CPU
		{4B351379-7071-4F60-8761-CA0CE013EBFD}.Debug|Any CPU.Build.0 = Debug|Any CPU
		{4B351379-7071-4F60-8761-CA0CE013EBFD}.Release|Any CPU.ActiveCfg = Release|Any CPU
		{4B351379-7071-4F60-8761-CA0CE013EBFD}.Release|Any CPU.Build.0 = Release|Any CPU
		{0BBF057B-334F-4209-B055-3B9A3339F7CB}.Debug|Any CPU.ActiveCfg = Debug|Any CPU
		{0BBF057B-334F-4209-B055-3B9A3339F7CB}.Debug|Any CPU.Build.0 = Debug|Any CPU
		{0BBF057B-334F-4209-B055-3B9A3339F7CB}.Release|Any CPU.ActiveCfg = Release|Any CPU
		{0BBF057B-334F-4209-B055-3B9A3339F7CB}.Release|Any CPU.Build.0 = Release|Any CPU
	EndGlobalSection
	GlobalSection(SolutionProperties) = preSolution
		HideSolutionNode = FALSE
	EndGlobalSection
	GlobalSection(ExtensibilityGlobals) = postSolution
		SolutionGuid = {2A026A7E-88D0-41E9-A210-9D8ED840505F}
	EndGlobalSection
EndGlobal
